
Microsoft Visual Studio Solution File, Format Version 12.00
# Visual Studio 15
VisualStudioVersion = 15.0.28010.2046
MinimumVisualStudioVersion = 10.0.40219.1
Project("{FAE04EC0-301F-11D3-BF4B-00C04F79EFBC}") = "Task1", "Task1\Task1.csproj", "{5B407D72-F0DC-4113-AF6B-1FBB0D65D107}"
EndProject
Project("{FAE04EC0-301F-11D3-BF4B-00C04F79EFBC}") = "Task2", "Task2\Task2.csproj", "{29EF207E-6F98-4CAF-8C7D-1FB0A18A42A1}"
EndProject
Project("{FAE04EC0-301F-11D3-BF4B-00C04F79EFBC}") = "Task3", "Task3\Task3.csproj", "{56B9B3B9-4306-464F-B8AF-3B4E61661F8B}"
EndProject
Project("{FAE04EC0-301F-11D3-BF4B-00C04F79EFBC}") = "Task4", "Task4\Task4.csproj", "{3C94C42B-1C20-406C-97EC-2B170225168F}"
EndProject
Project("{FAE04EC0-301F-11D3-BF4B-00C04F79EFBC}") = "Task5", "Task5\Task5.csproj", "{04747C08-4C03-4966-B30F-DBB607415BE8}"
EndProject
Project("{FAE04EC0-301F-11D3-BF4B-00C04F79EFBC}") = "Task6", "Task6\Task6.csproj", "{EECD960E-AF3C-4B39-B554-8118DAF50452}"
EndProject
Project("{FAE04EC0-301F-11D3-BF4B-00C04F79EFBC}") = "Task7", "Task7\Task7.csproj", "{9C1BD623-44C5-4835-8537-6E886A8703C6}"
EndProject
Project("{FAE04EC0-301F-11D3-BF4B-00C04F79EFBC}") = "Taask_48_b", "Taask_48_b\Taask_48_b.csproj", "{E1708B02-1322-40B4-BA6D-0C99475538A5}"
EndProject
Project("{FAE04EC0-301F-11D3-BF4B-00C04F79EFBC}") = "Task209_e", "Task209_e\Task209_e.csproj", "{058DC431-A255-4A45-AB38-CF3A7AE25E9C}"
EndProject
Project("{FAE04EC0-301F-11D3-BF4B-00C04F79EFBC}") = "Task_transform", "Task_transform\Task_transform.csproj", "{8CC4FB07-C8CE-4939-A189-390EAFCB261D}"
EndProject
Project("{FAE04EC0-301F-11D3-BF4B-00C04F79EFBC}") = "Task_359", "Task_359\Task_359.csproj", "{9F9C3890-6D08-4949-8BBB-BAA9D3603F7B}"
EndProject
Global
	GlobalSection(SolutionConfigurationPlatforms) = preSolution
		Debug|Any CPU = Debug|Any CPU
		Release|Any CPU = Release|Any CPU
	EndGlobalSection
	GlobalSection(ProjectConfigurationPlatforms) = postSolution
		{5B407D72-F0DC-4113-AF6B-1FBB0D65D107}.Debug|Any CPU.ActiveCfg = Debug|Any CPU
		{5B407D72-F0DC-4113-AF6B-1FBB0D65D107}.Debug|Any CPU.Build.0 = Debug|Any CPU
		{5B407D72-F0DC-4113-AF6B-1FBB0D65D107}.Release|Any CPU.ActiveCfg = Release|Any CPU
		{5B407D72-F0DC-4113-AF6B-1FBB0D65D107}.Release|Any CPU.Build.0 = Release|Any CPU
		{29EF207E-6F98-4CAF-8C7D-1FB0A18A42A1}.Debug|Any CPU.ActiveCfg = Debug|Any CPU
		{29EF207E-6F98-4CAF-8C7D-1FB0A18A42A1}.Debug|Any CPU.Build.0 = Debug|Any CPU
		{29EF207E-6F98-4CAF-8C7D-1FB0A18A42A1}.Release|Any CPU.ActiveCfg = Release|Any CPU
		{29EF207E-6F98-4CAF-8C7D-1FB0A18A42A1}.Release|Any CPU.Build.0 = Release|Any CPU
		{56B9B3B9-4306-464F-B8AF-3B4E61661F8B}.Debug|Any CPU.ActiveCfg = Debug|Any CPU
		{56B9B3B9-4306-464F-B8AF-3B4E61661F8B}.Debug|Any CPU.Build.0 = Debug|Any CPU
		{56B9B3B9-4306-464F-B8AF-3B4E61661F8B}.Release|Any CPU.ActiveCfg = Release|Any CPU
		{56B9B3B9-4306-464F-B8AF-3B4E61661F8B}.Release|Any CPU.Build.0 = Release|Any CPU
		{3C94C42B-1C20-406C-97EC-2B170225168F}.Debug|Any CPU.ActiveCfg = Debug|Any CPU
		{3C94C42B-1C20-406C-97EC-2B170225168F}.Debug|Any CPU.Build.0 = Debug|Any CPU
		{3C94C42B-1C20-406C-97EC-2B170225168F}.Release|Any CPU.ActiveCfg = Release|Any CPU
		{3C94C42B-1C20-406C-97EC-2B170225168F}.Release|Any CPU.Build.0 = Release|Any CPU
		{04747C08-4C03-4966-B30F-DBB607415BE8}.Debug|Any CPU.ActiveCfg = Debug|Any CPU
		{04747C08-4C03-4966-B30F-DBB607415BE8}.Debug|Any CPU.Build.0 = Debug|Any CPU
		{04747C08-4C03-4966-B30F-DBB607415BE8}.Release|Any CPU.ActiveCfg = Release|Any CPU
		{04747C08-4C03-4966-B30F-DBB607415BE8}.Release|Any CPU.Build.0 = Release|Any CPU
		{EECD960E-AF3C-4B39-B554-8118DAF50452}.Debug|Any CPU.ActiveCfg = Debug|Any CPU
		{EECD960E-AF3C-4B39-B554-8118DAF50452}.Debug|Any CPU.Build.0 = Debug|Any CPU
		{EECD960E-AF3C-4B39-B554-8118DAF50452}.Release|Any CPU.ActiveCfg = Release|Any CPU
		{EECD960E-AF3C-4B39-B554-8118DAF50452}.Release|Any CPU.Build.0 = Release|Any CPU
		{9C1BD623-44C5-4835-8537-6E886A8703C6}.Debug|Any CPU.ActiveCfg = Debug|Any CPU
		{9C1BD623-44C5-4835-8537-6E886A8703C6}.Debug|Any CPU.Build.0 = Debug|Any CPU
		{9C1BD623-44C5-4835-8537-6E886A8703C6}.Release|Any CPU.ActiveCfg = Release|Any CPU
		{9C1BD623-44C5-4835-8537-6E886A8703C6}.Release|Any CPU.Build.0 = Release|Any CPU
		{E1708B02-1322-40B4-BA6D-0C99475538A5}.Debug|Any CPU.ActiveCfg = Debug|Any CPU
		{E1708B02-1322-40B4-BA6D-0C99475538A5}.Debug|Any CPU.Build.0 = Debug|Any CPU
		{E1708B02-1322-40B4-BA6D-0C99475538A5}.Release|Any CPU.ActiveCfg = Release|Any CPU
		{E1708B02-1322-40B4-BA6D-0C99475538A5}.Release|Any CPU.Build.0 = Release|Any CPU
		{058DC431-A255-4A45-AB38-CF3A7AE25E9C}.Debug|Any CPU.ActiveCfg = Debug|Any CPU
		{058DC431-A255-4A45-AB38-CF3A7AE25E9C}.Debug|Any CPU.Build.0 = Debug|Any CPU
		{058DC431-A255-4A45-AB38-CF3A7AE25E9C}.Release|Any CPU.ActiveCfg = Release|Any CPU
		{058DC431-A255-4A45-AB38-CF3A7AE25E9C}.Release|Any CPU.Build.0 = Release|Any CPU
		{8CC4FB07-C8CE-4939-A189-390EAFCB261D}.Debug|Any CPU.ActiveCfg = Debug|Any CPU
		{8CC4FB07-C8CE-4939-A189-390EAFCB261D}.Debug|Any CPU.Build.0 = Debug|Any CPU
		{8CC4FB07-C8CE-4939-A189-390EAFCB261D}.Release|Any CPU.ActiveCfg = Release|Any CPU
		{8CC4FB07-C8CE-4939-A189-390EAFCB261D}.Release|Any CPU.Build.0 = Release|Any CPU
		{9F9C3890-6D08-4949-8BBB-BAA9D3603F7B}.Debug|Any CPU.ActiveCfg = Debug|Any CPU
		{9F9C3890-6D08-4949-8BBB-BAA9D3603F7B}.Debug|Any CPU.Build.0 = Debug|Any CPU
		{9F9C3890-6D08-4949-8BBB-BAA9D3603F7B}.Release|Any CPU.ActiveCfg = Release|Any CPU
		{9F9C3890-6D08-4949-8BBB-BAA9D3603F7B}.Release|Any CPU.Build.0 = Release|Any CPU
	EndGlobalSection
	GlobalSection(SolutionProperties) = preSolution
		HideSolutionNode = FALSE
	EndGlobalSection
	GlobalSection(ExtensibilityGlobals) = postSolution
		SolutionGuid = {EAC280DD-7773-4B21-9061-3ACE2FD34910}
	EndGlobalSection
EndGlobal
